
Microsoft Visual Studio Solution File, Format Version 12.00
Project("{2150E333-8FDC-42A3-9474-1A3956D46DE8}") = "src", "src", "{CBD93CA8-8D99-4FB0-A844-46117D9FD0D2}"
EndProject
Project("{2150E333-8FDC-42A3-9474-1A3956D46DE8}") = "tests", "tests", "{1E7106BF-40A9-4A31-9474-41FDE49B3442}"
EndProject
Project("{FAE04EC0-301F-11D3-BF4B-00C04F79EFBC}") = "WebUi", "WebUi\WebUi.csproj", "{D69EA327-A9EF-4E7C-A834-42F4F63D3B07}"
EndProject
Project("{FAE04EC0-301F-11D3-BF4B-00C04F79EFBC}") = "Domain", "Domain\Domain.csproj", "{49E3EC29-06C7-45DD-BBCA-ED8318345327}"
EndProject
Project("{FAE04EC0-301F-11D3-BF4B-00C04F79EFBC}") = "Infrastructure", "Infrastructure\Infrastructure.csproj", "{A7990135-9A35-4E0B-ABC9-BD587BA7AF04}"
EndProject
Project("{FAE04EC0-301F-11D3-BF4B-00C04F79EFBC}") = "Domain.UnitTests", "Domain.UnitTests\Domain.UnitTests.csproj", "{6A142BD6-8D00-4E3E-AF91-A6543F040D09}"
EndProject
Project("{FAE04EC0-301F-11D3-BF4B-00C04F79EFBC}") = "Application.UnitTests", "Application.UnitTests\Application.UnitTests.csproj", "{4244E597-927D-4B92-935F-37CF7244DC80}"
EndProject
Project("{FAE04EC0-301F-11D3-BF4B-00C04F79EFBC}") = "Application", "Application\Application.csproj", "{96677B29-1CC7-4580-92A8-E5157E00243D}"
EndProject
Global
	GlobalSection(SolutionConfigurationPlatforms) = preSolution
		Debug|Any CPU = Debug|Any CPU
		Release|Any CPU = Release|Any CPU
	EndGlobalSection
	GlobalSection(ProjectConfigurationPlatforms) = postSolution
		{D69EA327-A9EF-4E7C-A834-42F4F63D3B07}.Debug|Any CPU.ActiveCfg = Debug|Any CPU
		{D69EA327-A9EF-4E7C-A834-42F4F63D3B07}.Debug|Any CPU.Build.0 = Debug|Any CPU
		{D69EA327-A9EF-4E7C-A834-42F4F63D3B07}.Release|Any CPU.ActiveCfg = Release|Any CPU
		{D69EA327-A9EF-4E7C-A834-42F4F63D3B07}.Release|Any CPU.Build.0 = Release|Any CPU
		{49E3EC29-06C7-45DD-BBCA-ED8318345327}.Debug|Any CPU.ActiveCfg = Debug|Any CPU
		{49E3EC29-06C7-45DD-BBCA-ED8318345327}.Debug|Any CPU.Build.0 = Debug|Any CPU
		{49E3EC29-06C7-45DD-BBCA-ED8318345327}.Release|Any CPU.ActiveCfg = Release|Any CPU
		{49E3EC29-06C7-45DD-BBCA-ED8318345327}.Release|Any CPU.Build.0 = Release|Any CPU
		{A7990135-9A35-4E0B-ABC9-BD587BA7AF04}.Debug|Any CPU.ActiveCfg = Debug|Any CPU
		{A7990135-9A35-4E0B-ABC9-BD587BA7AF04}.Debug|Any CPU.Build.0 = Debug|Any CPU
		{A7990135-9A35-4E0B-ABC9-BD587BA7AF04}.Release|Any CPU.ActiveCfg = Release|Any CPU
		{A7990135-9A35-4E0B-ABC9-BD587BA7AF04}.Release|Any CPU.Build.0 = Release|Any CPU
		{6A142BD6-8D00-4E3E-AF91-A6543F040D09}.Debug|Any CPU.ActiveCfg = Debug|Any CPU
		{6A142BD6-8D00-4E3E-AF91-A6543F040D09}.Debug|Any CPU.Build.0 = Debug|Any CPU
		{6A142BD6-8D00-4E3E-AF91-A6543F040D09}.Release|Any CPU.ActiveCfg = Release|Any CPU
		{6A142BD6-8D00-4E3E-AF91-A6543F040D09}.Release|Any CPU.Build.0 = Release|Any CPU
		{4244E597-927D-4B92-935F-37CF7244DC80}.Debug|Any CPU.ActiveCfg = Debug|Any CPU
		{4244E597-927D-4B92-935F-37CF7244DC80}.Debug|Any CPU.Build.0 = Debug|Any CPU
		{4244E597-927D-4B92-935F-37CF7244DC80}.Release|Any CPU.ActiveCfg = Release|Any CPU
		{4244E597-927D-4B92-935F-37CF7244DC80}.Release|Any CPU.Build.0 = Release|Any CPU
		{96677B29-1CC7-4580-92A8-E5157E00243D}.Debug|Any CPU.ActiveCfg = Debug|Any CPU
		{96677B29-1CC7-4580-92A8-E5157E00243D}.Debug|Any CPU.Build.0 = Debug|Any CPU
		{96677B29-1CC7-4580-92A8-E5157E00243D}.Release|Any CPU.ActiveCfg = Release|Any CPU
		{96677B29-1CC7-4580-92A8-E5157E00243D}.Release|Any CPU.Build.0 = Release|Any CPU
	EndGlobalSection
	GlobalSection(NestedProjects) = preSolution
		{D69EA327-A9EF-4E7C-A834-42F4F63D3B07} = {CBD93CA8-8D99-4FB0-A844-46117D9FD0D2}
		{49E3EC29-06C7-45DD-BBCA-ED8318345327} = {CBD93CA8-8D99-4FB0-A844-46117D9FD0D2}
		{A7990135-9A35-4E0B-ABC9-BD587BA7AF04} = {CBD93CA8-8D99-4FB0-A844-46117D9FD0D2}
		{6A142BD6-8D00-4E3E-AF91-A6543F040D09} = {1E7106BF-40A9-4A31-9474-41FDE49B3442}
		{4244E597-927D-4B92-935F-37CF7244DC80} = {1E7106BF-40A9-4A31-9474-41FDE49B3442}
		{96677B29-1CC7-4580-92A8-E5157E00243D} = {CBD93CA8-8D99-4FB0-A844-46117D9FD0D2}
	EndGlobalSection
EndGlobal
